
Microsoft Visual Studio Solution File, Format Version 12.00
# Visual Studio 15
VisualStudioVersion = 15.0.26403.7
MinimumVisualStudioVersion = 10.0.40219.1
Project("{FAE04EC0-301F-11D3-BF4B-00C04F79EFBC}") = "App1.Android", "App1\App1.Android\App1.Android.csproj", "{F017792C-E87E-4824-AF7B-FD4447B4630D}"
EndProject
Project("{FAE04EC0-301F-11D3-BF4B-00C04F79EFBC}") = "App1", "App1\App1\App1.csproj", "{DFB7DCCD-7BDB-43DA-BA94-CBAC91DEFFC0}"
EndProject
Project("{FAE04EC0-301F-11D3-BF4B-00C04F79EFBC}") = "App1.UWP", "App1\App1.UWP\App1.UWP.csproj", "{36361EE3-A88F-4710-8E23-68C810CF7597}"
EndProject
Project("{FAE04EC0-301F-11D3-BF4B-00C04F79EFBC}") = "App1.iOS", "App1\App1.iOS\App1.iOS.csproj", "{4E7DBB99-9906-44FA-A927-C51F5C6474D6}"
EndProject
Global
	GlobalSection(SolutionConfigurationPlatforms) = preSolution
		Ad-Hoc|Any CPU = Ad-Hoc|Any CPU
		Ad-Hoc|ARM = Ad-Hoc|ARM
		Ad-Hoc|iPhone = Ad-Hoc|iPhone
		Ad-Hoc|iPhoneSimulator = Ad-Hoc|iPhoneSimulator
		Ad-Hoc|x64 = Ad-Hoc|x64
		Ad-Hoc|x86 = Ad-Hoc|x86
		AppStore|Any CPU = AppStore|Any CPU
		AppStore|ARM = AppStore|ARM
		AppStore|iPhone = AppStore|iPhone
		AppStore|iPhoneSimulator = AppStore|iPhoneSimulator
		AppStore|x64 = AppStore|x64
		AppStore|x86 = AppStore|x86
		Debug|Any CPU = Debug|Any CPU
		Debug|ARM = Debug|ARM
		Debug|iPhone = Debug|iPhone
		Debug|iPhoneSimulator = Debug|iPhoneSimulator
		Debug|x64 = Debug|x64
		Debug|x86 = Debug|x86
		Release|Any CPU = Release|Any CPU
		Release|ARM = Release|ARM
		Release|iPhone = Release|iPhone
		Release|iPhoneSimulator = Release|iPhoneSimulator
		Release|x64 = Release|x64
		Release|x86 = Release|x86
	EndGlobalSection
	GlobalSection(ProjectConfigurationPlatforms) = postSolution
		{F017792C-E87E-4824-AF7B-FD4447B4630D}.Ad-Hoc|Any CPU.ActiveCfg = Release|Any CPU
		{F017792C-E87E-4824-AF7B-FD4447B4630D}.Ad-Hoc|Any CPU.Build.0 = Release|Any CPU
		{F017792C-E87E-4824-AF7B-FD4447B4630D}.Ad-Hoc|Any CPU.Deploy.0 = Release|Any CPU
		{F017792C-E87E-4824-AF7B-FD4447B4630D}.Ad-Hoc|ARM.ActiveCfg = Release|Any CPU
		{F017792C-E87E-4824-AF7B-FD4447B4630D}.Ad-Hoc|ARM.Build.0 = Release|Any CPU
		{F017792C-E87E-4824-AF7B-FD4447B4630D}.Ad-Hoc|ARM.Deploy.0 = Release|Any CPU
		{F017792C-E87E-4824-AF7B-FD4447B4630D}.Ad-Hoc|iPhone.ActiveCfg = Release|Any CPU
		{F017792C-E87E-4824-AF7B-FD4447B4630D}.Ad-Hoc|iPhone.Build.0 = Release|Any CPU
		{F017792C-E87E-4824-AF7B-FD4447B4630D}.Ad-Hoc|iPhone.Deploy.0 = Release|Any CPU
		{F017792C-E87E-4824-AF7B-FD4447B4630D}.Ad-Hoc|iPhoneSimulator.ActiveCfg = Release|Any CPU
		{F017792C-E87E-4824-AF7B-FD4447B4630D}.Ad-Hoc|iPhoneSimulator.Build.0 = Release|Any CPU
		{F017792C-E87E-4824-AF7B-FD4447B4630D}.Ad-Hoc|iPhoneSimulator.Deploy.0 = Release|Any CPU
		{F017792C-E87E-4824-AF7B-FD4447B4630D}.Ad-Hoc|x64.ActiveCfg = Release|Any CPU
		{F017792C-E87E-4824-AF7B-FD4447B4630D}.Ad-Hoc|x64.Build.0 = Release|Any CPU
		{F017792C-E87E-4824-AF7B-FD4447B4630D}.Ad-Hoc|x64.Deploy.0 = Release|Any CPU
		{F017792C-E87E-4824-AF7B-FD4447B4630D}.Ad-Hoc|x86.ActiveCfg = Release|Any CPU
		{F017792C-E87E-4824-AF7B-FD4447B4630D}.Ad-Hoc|x86.Build.0 = Release|Any CPU
		{F017792C-E87E-4824-AF7B-FD4447B4630D}.Ad-Hoc|x86.Deploy.0 = Release|Any CPU
		{F017792C-E87E-4824-AF7B-FD4447B4630D}.AppStore|Any CPU.ActiveCfg = Release|Any CPU
		{F017792C-E87E-4824-AF7B-FD4447B4630D}.AppStore|Any CPU.Build.0 = Release|Any CPU
		{F017792C-E87E-4824-AF7B-FD4447B4630D}.AppStore|Any CPU.Deploy.0 = Release|Any CPU
		{F017792C-E87E-4824-AF7B-FD4447B4630D}.AppStore|ARM.ActiveCfg = Release|Any CPU
		{F017792C-E87E-4824-AF7B-FD4447B4630D}.AppStore|ARM.Build.0 = Release|Any CPU
		{F017792C-E87E-4824-AF7B-FD4447B4630D}.AppStore|ARM.Deploy.0 = Release|Any CPU
		{F017792C-E87E-4824-AF7B-FD4447B4630D}.AppStore|iPhone.ActiveCfg = Release|Any CPU
		{F017792C-E87E-4824-AF7B-FD4447B4630D}.AppStore|iPhone.Build.0 = Release|Any CPU
		{F017792C-E87E-4824-AF7B-FD4447B4630D}.AppStore|iPhone.Deploy.0 = Release|Any CPU
		{F017792C-E87E-4824-AF7B-FD4447B4630D}.AppStore|iPhoneSimulator.ActiveCfg = Release|Any CPU
		{F017792C-E87E-4824-AF7B-FD4447B4630D}.AppStore|iPhoneSimulator.Build.0 = Release|Any CPU
		{F017792C-E87E-4824-AF7B-FD4447B4630D}.AppStore|iPhoneSimulator.Deploy.0 = Release|Any CPU
		{F017792C-E87E-4824-AF7B-FD4447B4630D}.AppStore|x64.ActiveCfg = Release|Any CPU
		{F017792C-E87E-4824-AF7B-FD4447B4630D}.AppStore|x64.Build.0 = Release|Any CPU
		{F017792C-E87E-4824-AF7B-FD4447B4630D}.AppStore|x64.Deploy.0 = Release|Any CPU
		{F017792C-E87E-4824-AF7B-FD4447B4630D}.AppStore|x86.ActiveCfg = Release|Any CPU
		{F017792C-E87E-4824-AF7B-FD4447B4630D}.AppStore|x86.Build.0 = Release|Any CPU
		{F017792C-E87E-4824-AF7B-FD4447B4630D}.AppStore|x86.Deploy.0 = Release|Any CPU
		{F017792C-E87E-4824-AF7B-FD4447B4630D}.Debug|Any CPU.ActiveCfg = Debug|Any CPU
		{F017792C-E87E-4824-AF7B-FD4447B4630D}.Debug|Any CPU.Build.0 = Debug|Any CPU
		{F017792C-E87E-4824-AF7B-FD4447B4630D}.Debug|Any CPU.Deploy.0 = Debug|Any CPU
		{F017792C-E87E-4824-AF7B-FD4447B4630D}.Debug|ARM.ActiveCfg = Debug|Any CPU
		{F017792C-E87E-4824-AF7B-FD4447B4630D}.Debug|ARM.Build.0 = Debug|Any CPU
		{F017792C-E87E-4824-AF7B-FD4447B4630D}.Debug|ARM.Deploy.0 = Debug|Any CPU
		{F017792C-E87E-4824-AF7B-FD4447B4630D}.Debug|iPhone.ActiveCfg = Debug|Any CPU
		{F017792C-E87E-4824-AF7B-FD4447B4630D}.Debug|iPhone.Build.0 = Debug|Any CPU
		{F017792C-E87E-4824-AF7B-FD4447B4630D}.Debug|iPhone.Deploy.0 = Debug|Any CPU
		{F017792C-E87E-4824-AF7B-FD4447B4630D}.Debug|iPhoneSimulator.ActiveCfg = Debug|Any CPU
		{F017792C-E87E-4824-AF7B-FD4447B4630D}.Debug|iPhoneSimulator.Build.0 = Debug|Any CPU
		{F017792C-E87E-4824-AF7B-FD4447B4630D}.Debug|iPhoneSimulator.Deploy.0 = Debug|Any CPU
		{F017792C-E87E-4824-AF7B-FD4447B4630D}.Debug|x64.ActiveCfg = Debug|Any CPU
		{F017792C-E87E-4824-AF7B-FD4447B4630D}.Debug|x64.Build.0 = Debug|Any CPU
		{F017792C-E87E-4824-AF7B-FD4447B4630D}.Debug|x64.Deploy.0 = Debug|Any CPU
		{F017792C-E87E-4824-AF7B-FD4447B4630D}.Debug|x86.ActiveCfg = Debug|Any CPU
		{F017792C-E87E-4824-AF7B-FD4447B4630D}.Debug|x86.Build.0 = Debug|Any CPU
		{F017792C-E87E-4824-AF7B-FD4447B4630D}.Debug|x86.Deploy.0 = Debug|Any CPU
		{F017792C-E87E-4824-AF7B-FD4447B4630D}.Release|Any CPU.ActiveCfg = Release|Any CPU
		{F017792C-E87E-4824-AF7B-FD4447B4630D}.Release|Any CPU.Build.0 = Release|Any CPU
		{F017792C-E87E-4824-AF7B-FD4447B4630D}.Release|Any CPU.Deploy.0 = Release|Any CPU
		{F017792C-E87E-4824-AF7B-FD4447B4630D}.Release|ARM.ActiveCfg = Release|Any CPU
		{F017792C-E87E-4824-AF7B-FD4447B4630D}.Release|ARM.Build.0 = Release|Any CPU
		{F017792C-E87E-4824-AF7B-FD4447B4630D}.Release|ARM.Deploy.0 = Release|Any CPU
		{F017792C-E87E-4824-AF7B-FD4447B4630D}.Release|iPhone.ActiveCfg = Release|Any CPU
		{F017792C-E87E-4824-AF7B-FD4447B4630D}.Release|iPhone.Build.0 = Release|Any CPU
		{F017792C-E87E-4824-AF7B-FD4447B4630D}.Release|iPhone.Deploy.0 = Release|Any CPU
		{F017792C-E87E-4824-AF7B-FD4447B4630D}.Release|iPhoneSimulator.ActiveCfg = Release|Any CPU
		{F017792C-E87E-4824-AF7B-FD4447B4630D}.Release|iPhoneSimulator.Build.0 = Release|Any CPU
		{F017792C-E87E-4824-AF7B-FD4447B4630D}.Release|iPhoneSimulator.Deploy.0 = Release|Any CPU
		{F017792C-E87E-4824-AF7B-FD4447B4630D}.Release|x64.ActiveCfg = Release|Any CPU
		{F017792C-E87E-4824-AF7B-FD4447B4630D}.Release|x64.Build.0 = Release|Any CPU
		{F017792C-E87E-4824-AF7B-FD4447B4630D}.Release|x64.Deploy.0 = Release|Any CPU
		{F017792C-E87E-4824-AF7B-FD4447B4630D}.Release|x86.ActiveCfg = Release|Any CPU
		{F017792C-E87E-4824-AF7B-FD4447B4630D}.Release|x86.Build.0 = Release|Any CPU
		{F017792C-E87E-4824-AF7B-FD4447B4630D}.Release|x86.Deploy.0 = Release|Any CPU
		{DFB7DCCD-7BDB-43DA-BA94-CBAC91DEFFC0}.Ad-Hoc|Any CPU.ActiveCfg = Release|Any CPU
		{DFB7DCCD-7BDB-43DA-BA94-CBAC91DEFFC0}.Ad-Hoc|Any CPU.Build.0 = Release|Any CPU
		{DFB7DCCD-7BDB-43DA-BA94-CBAC91DEFFC0}.Ad-Hoc|ARM.ActiveCfg = Release|Any CPU
		{DFB7DCCD-7BDB-43DA-BA94-CBAC91DEFFC0}.Ad-Hoc|ARM.Build.0 = Release|Any CPU
		{DFB7DCCD-7BDB-43DA-BA94-CBAC91DEFFC0}.Ad-Hoc|iPhone.ActiveCfg = Release|Any CPU
		{DFB7DCCD-7BDB-43DA-BA94-CBAC91DEFFC0}.Ad-Hoc|iPhone.Build.0 = Release|Any CPU
		{DFB7DCCD-7BDB-43DA-BA94-CBAC91DEFFC0}.Ad-Hoc|iPhoneSimulator.ActiveCfg = Release|Any CPU
		{DFB7DCCD-7BDB-43DA-BA94-CBAC91DEFFC0}.Ad-Hoc|iPhoneSimulator.Build.0 = Release|Any CPU
		{DFB7DCCD-7BDB-43DA-BA94-CBAC91DEFFC0}.Ad-Hoc|x64.ActiveCfg = Release|Any CPU
		{DFB7DCCD-7BDB-43DA-BA94-CBAC91DEFFC0}.Ad-Hoc|x64.Build.0 = Release|Any CPU
		{DFB7DCCD-7BDB-43DA-BA94-CBAC91DEFFC0}.Ad-Hoc|x86.ActiveCfg = Release|Any CPU
		{DFB7DCCD-7BDB-43DA-BA94-CBAC91DEFFC0}.Ad-Hoc|x86.Build.0 = Release|Any CPU
		{DFB7DCCD-7BDB-43DA-BA94-CBAC91DEFFC0}.AppStore|Any CPU.ActiveCfg = Release|Any CPU
		{DFB7DCCD-7BDB-43DA-BA94-CBAC91DEFFC0}.AppStore|Any CPU.Build.0 = Release|Any CPU
		{DFB7DCCD-7BDB-43DA-BA94-CBAC91DEFFC0}.AppStore|ARM.ActiveCfg = Release|Any CPU
		{DFB7DCCD-7BDB-43DA-BA94-CBAC91DEFFC0}.AppStore|ARM.Build.0 = Release|Any CPU
		{DFB7DCCD-7BDB-43DA-BA94-CBAC91DEFFC0}.AppStore|iPhone.ActiveCfg = Release|Any CPU
		{DFB7DCCD-7BDB-43DA-BA94-CBAC91DEFFC0}.AppStore|iPhone.Build.0 = Release|Any CPU
		{DFB7DCCD-7BDB-43DA-BA94-CBAC91DEFFC0}.AppStore|iPhoneSimulator.ActiveCfg = Release|Any CPU
		{DFB7DCCD-7BDB-43DA-BA94-CBAC91DEFFC0}.AppStore|iPhoneSimulator.Build.0 = Release|Any CPU
		{DFB7DCCD-7BDB-43DA-BA94-CBAC91DEFFC0}.AppStore|x64.ActiveCfg = Release|Any CPU
		{DFB7DCCD-7BDB-43DA-BA94-CBAC91DEFFC0}.AppStore|x64.Build.0 = Release|Any CPU
		{DFB7DCCD-7BDB-43DA-BA94-CBAC91DEFFC0}.AppStore|x86.ActiveCfg = Release|Any CPU
		{DFB7DCCD-7BDB-43DA-BA94-CBAC91DEFFC0}.AppStore|x86.Build.0 = Release|Any CPU
		{DFB7DCCD-7BDB-43DA-BA94-CBAC91DEFFC0}.Debug|Any CPU.ActiveCfg = Debug|Any CPU
		{DFB7DCCD-7BDB-43DA-BA94-CBAC91DEFFC0}.Debug|Any CPU.Build.0 = Debug|Any CPU
		{DFB7DCCD-7BDB-43DA-BA94-CBAC91DEFFC0}.Debug|ARM.ActiveCfg = Debug|Any CPU
		{DFB7DCCD-7BDB-43DA-BA94-CBAC91DEFFC0}.Debug|ARM.Build.0 = Debug|Any CPU
		{DFB7DCCD-7BDB-43DA-BA94-CBAC91DEFFC0}.Debug|iPhone.ActiveCfg = Debug|Any CPU
		{DFB7DCCD-7BDB-43DA-BA94-CBAC91DEFFC0}.Debug|iPhone.Build.0 = Debug|Any CPU
		{DFB7DCCD-7BDB-43DA-BA94-CBAC91DEFFC0}.Debug|iPhoneSimulator.ActiveCfg = Debug|Any CPU
		{DFB7DCCD-7BDB-43DA-BA94-CBAC91DEFFC0}.Debug|iPhoneSimulator.Build.0 = Debug|Any CPU
		{DFB7DCCD-7BDB-43DA-BA94-CBAC91DEFFC0}.Debug|x64.ActiveCfg = Debug|Any CPU
		{DFB7DCCD-7BDB-43DA-BA94-CBAC91DEFFC0}.Debug|x64.Build.0 = Debug|Any CPU
		{DFB7DCCD-7BDB-43DA-BA94-CBAC91DEFFC0}.Debug|x86.ActiveCfg = Debug|Any CPU
		{DFB7DCCD-7BDB-43DA-BA94-CBAC91DEFFC0}.Debug|x86.Build.0 = Debug|Any CPU
		{DFB7DCCD-7BDB-43DA-BA94-CBAC91DEFFC0}.Release|Any CPU.ActiveCfg = Release|Any CPU
		{DFB7DCCD-7BDB-43DA-BA94-CBAC91DEFFC0}.Release|Any CPU.Build.0 = Release|Any CPU
		{DFB7DCCD-7BDB-43DA-BA94-CBAC91DEFFC0}.Release|ARM.ActiveCfg = Release|Any CPU
		{DFB7DCCD-7BDB-43DA-BA94-CBAC91DEFFC0}.Release|ARM.Build.0 = Release|Any CPU
		{DFB7DCCD-7BDB-43DA-BA94-CBAC91DEFFC0}.Release|iPhone.ActiveCfg = Release|Any CPU
		{DFB7DCCD-7BDB-43DA-BA94-CBAC91DEFFC0}.Release|iPhone.Build.0 = Release|Any CPU
		{DFB7DCCD-7BDB-43DA-BA94-CBAC91DEFFC0}.Release|iPhoneSimulator.ActiveCfg = Release|Any CPU
		{DFB7DCCD-7BDB-43DA-BA94-CBAC91DEFFC0}.Release|iPhoneSimulator.Build.0 = Release|Any CPU
		{DFB7DCCD-7BDB-43DA-BA94-CBAC91DEFFC0}.Release|x64.ActiveCfg = Release|Any CPU
		{DFB7DCCD-7BDB-43DA-BA94-CBAC91DEFFC0}.Release|x64.Build.0 = Release|Any CPU
		{DFB7DCCD-7BDB-43DA-BA94-CBAC91DEFFC0}.Release|x86.ActiveCfg = Release|Any CPU
		{DFB7DCCD-7BDB-43DA-BA94-CBAC91DEFFC0}.Release|x86.Build.0 = Release|Any CPU
		{36361EE3-A88F-4710-8E23-68C810CF7597}.Ad-Hoc|Any CPU.ActiveCfg = Release|x86
		{36361EE3-A88F-4710-8E23-68C810CF7597}.Ad-Hoc|Any CPU.Build.0 = Release|x86
		{36361EE3-A88F-4710-8E23-68C810CF7597}.Ad-Hoc|Any CPU.Deploy.0 = Release|x86
		{36361EE3-A88F-4710-8E23-68C810CF7597}.Ad-Hoc|ARM.ActiveCfg = Release|ARM
		{36361EE3-A88F-4710-8E23-68C810CF7597}.Ad-Hoc|ARM.Build.0 = Release|ARM
		{36361EE3-A88F-4710-8E23-68C810CF7597}.Ad-Hoc|ARM.Deploy.0 = Release|ARM
		{36361EE3-A88F-4710-8E23-68C810CF7597}.Ad-Hoc|iPhone.ActiveCfg = Release|x86
		{36361EE3-A88F-4710-8E23-68C810CF7597}.Ad-Hoc|iPhone.Build.0 = Release|x86
		{36361EE3-A88F-4710-8E23-68C810CF7597}.Ad-Hoc|iPhone.Deploy.0 = Release|x86
		{36361EE3-A88F-4710-8E23-68C810CF7597}.Ad-Hoc|iPhoneSimulator.ActiveCfg = Release|x86
		{36361EE3-A88F-4710-8E23-68C810CF7597}.Ad-Hoc|iPhoneSimulator.Build.0 = Release|x86
		{36361EE3-A88F-4710-8E23-68C810CF7597}.Ad-Hoc|iPhoneSimulator.Deploy.0 = Release|x86
		{36361EE3-A88F-4710-8E23-68C810CF7597}.Ad-Hoc|x64.ActiveCfg = Release|x64
		{36361EE3-A88F-4710-8E23-68C810CF7597}.Ad-Hoc|x64.Build.0 = Release|x64
		{36361EE3-A88F-4710-8E23-68C810CF7597}.Ad-Hoc|x64.Deploy.0 = Release|x64
		{36361EE3-A88F-4710-8E23-68C810CF7597}.Ad-Hoc|x86.ActiveCfg = Release|x86
		{36361EE3-A88F-4710-8E23-68C810CF7597}.Ad-Hoc|x86.Build.0 = Release|x86
		{36361EE3-A88F-4710-8E23-68C810CF7597}.Ad-Hoc|x86.Deploy.0 = Release|x86
		{36361EE3-A88F-4710-8E23-68C810CF7597}.AppStore|Any CPU.ActiveCfg = Release|x86
		{36361EE3-A88F-4710-8E23-68C810CF7597}.AppStore|Any CPU.Build.0 = Release|x86
		{36361EE3-A88F-4710-8E23-68C810CF7597}.AppStore|Any CPU.Deploy.0 = Release|x86
		{36361EE3-A88F-4710-8E23-68C810CF7597}.AppStore|ARM.ActiveCfg = Release|ARM
		{36361EE3-A88F-4710-8E23-68C810CF7597}.AppStore|ARM.Build.0 = Release|ARM
		{36361EE3-A88F-4710-8E23-68C810CF7597}.AppStore|ARM.Deploy.0 = Release|ARM
		{36361EE3-A88F-4710-8E23-68C810CF7597}.AppStore|iPhone.ActiveCfg = Release|x86
		{36361EE3-A88F-4710-8E23-68C810CF7597}.AppStore|iPhone.Build.0 = Release|x86
		{36361EE3-A88F-4710-8E23-68C810CF7597}.AppStore|iPhone.Deploy.0 = Release|x86
		{36361EE3-A88F-4710-8E23-68C810CF7597}.AppStore|iPhoneSimulator.ActiveCfg = Release|x86
		{36361EE3-A88F-4710-8E23-68C810CF7597}.AppStore|iPhoneSimulator.Build.0 = Release|x86
		{36361EE3-A88F-4710-8E23-68C810CF7597}.AppStore|iPhoneSimulator.Deploy.0 = Release|x86
		{36361EE3-A88F-4710-8E23-68C810CF7597}.AppStore|x64.ActiveCfg = Release|x64
		{36361EE3-A88F-4710-8E23-68C810CF7597}.AppStore|x64.Build.0 = Release|x64
		{36361EE3-A88F-4710-8E23-68C810CF7597}.AppStore|x64.Deploy.0 = Release|x64
		{36361EE3-A88F-4710-8E23-68C810CF7597}.AppStore|x86.ActiveCfg = Release|x86
		{36361EE3-A88F-4710-8E23-68C810CF7597}.AppStore|x86.Build.0 = Release|x86
		{36361EE3-A88F-4710-8E23-68C810CF7597}.AppStore|x86.Deploy.0 = Release|x86
		{36361EE3-A88F-4710-8E23-68C810CF7597}.Debug|Any CPU.ActiveCfg = Debug|x86
		{36361EE3-A88F-4710-8E23-68C810CF7597}.Debug|ARM.ActiveCfg = Debug|ARM
		{36361EE3-A88F-4710-8E23-68C810CF7597}.Debug|ARM.Build.0 = Debug|ARM
		{36361EE3-A88F-4710-8E23-68C810CF7597}.Debug|ARM.Deploy.0 = Debug|ARM
		{36361EE3-A88F-4710-8E23-68C810CF7597}.Debug|iPhone.ActiveCfg = Debug|x86
		{36361EE3-A88F-4710-8E23-68C810CF7597}.Debug|iPhoneSimulator.ActiveCfg = Debug|x86
		{36361EE3-A88F-4710-8E23-68C810CF7597}.Debug|x64.ActiveCfg = Debug|x64
		{36361EE3-A88F-4710-8E23-68C810CF7597}.Debug|x64.Build.0 = Debug|x64
		{36361EE3-A88F-4710-8E23-68C810CF7597}.Debug|x64.Deploy.0 = Debug|x64
		{36361EE3-A88F-4710-8E23-68C810CF7597}.Debug|x86.ActiveCfg = Debug|x86
		{36361EE3-A88F-4710-8E23-68C810CF7597}.Debug|x86.Build.0 = Debug|x86
		{36361EE3-A88F-4710-8E23-68C810CF7597}.Debug|x86.Deploy.0 = Debug|x86
		{36361EE3-A88F-4710-8E23-68C810CF7597}.Release|Any CPU.ActiveCfg = Release|x86
		{36361EE3-A88F-4710-8E23-68C810CF7597}.Release|ARM.ActiveCfg = Release|ARM
		{36361EE3-A88F-4710-8E23-68C810CF7597}.Release|ARM.Build.0 = Release|ARM
		{36361EE3-A88F-4710-8E23-68C810CF7597}.Release|ARM.Deploy.0 = Release|ARM
		{36361EE3-A88F-4710-8E23-68C810CF7597}.Release|iPhone.ActiveCfg = Release|x86
		{36361EE3-A88F-4710-8E23-68C810CF7597}.Release|iPhoneSimulator.ActiveCfg = Release|x86
		{36361EE3-A88F-4710-8E23-68C810CF7597}.Release|x64.ActiveCfg = Release|x64
		{36361EE3-A88F-4710-8E23-68C810CF7597}.Release|x64.Build.0 = Release|x64
		{36361EE3-A88F-4710-8E23-68C810CF7597}.Release|x64.Deploy.0 = Release|x64
		{36361EE3-A88F-4710-8E23-68C810CF7597}.Release|x86.ActiveCfg = Release|x86
		{36361EE3-A88F-4710-8E23-68C810CF7597}.Release|x86.Build.0 = Release|x86
		{36361EE3-A88F-4710-8E23-68C810CF7597}.Release|x86.Deploy.0 = Release|x86
		{4E7DBB99-9906-44FA-A927-C51F5C6474D6}.Ad-Hoc|Any CPU.ActiveCfg = Ad-Hoc|iPhone
		{4E7DBB99-9906-44FA-A927-C51F5C6474D6}.Ad-Hoc|ARM.ActiveCfg = Ad-Hoc|iPhone
		{4E7DBB99-9906-44FA-A927-C51F5C6474D6}.Ad-Hoc|iPhone.ActiveCfg = Ad-Hoc|iPhone
		{4E7DBB99-9906-44FA-A927-C51F5C6474D6}.Ad-Hoc|iPhone.Build.0 = Ad-Hoc|iPhone
		{4E7DBB99-9906-44FA-A927-C51F5C6474D6}.Ad-Hoc|iPhoneSimulator.ActiveCfg = Ad-Hoc|iPhoneSimulator
		{4E7DBB99-9906-44FA-A927-C51F5C6474D6}.Ad-Hoc|iPhoneSimulator.Build.0 = Ad-Hoc|iPhoneSimulator
		{4E7DBB99-9906-44FA-A927-C51F5C6474D6}.Ad-Hoc|x64.ActiveCfg = Ad-Hoc|iPhone
		{4E7DBB99-9906-44FA-A927-C51F5C6474D6}.Ad-Hoc|x86.ActiveCfg = Ad-Hoc|iPhone
		{4E7DBB99-9906-44FA-A927-C51F5C6474D6}.AppStore|Any CPU.ActiveCfg = AppStore|iPhone
		{4E7DBB99-9906-44FA-A927-C51F5C6474D6}.AppStore|ARM.ActiveCfg = AppStore|iPhone
		{4E7DBB99-9906-44FA-A927-C51F5C6474D6}.AppStore|iPhone.ActiveCfg = AppStore|iPhone
		{4E7DBB99-9906-44FA-A927-C51F5C6474D6}.AppStore|iPhone.Build.0 = AppStore|iPhone
		{4E7DBB99-9906-44FA-A927-C51F5C6474D6}.AppStore|iPhoneSimulator.ActiveCfg = AppStore|iPhoneSimulator
		{4E7DBB99-9906-44FA-A927-C51F5C6474D6}.AppStore|iPhoneSimulator.Build.0 = AppStore|iPhoneSimulator
		{4E7DBB99-9906-44FA-A927-C51F5C6474D6}.AppStore|x64.ActiveCfg = AppStore|iPhone
		{4E7DBB99-9906-44FA-A927-C51F5C6474D6}.AppStore|x86.ActiveCfg = AppStore|iPhone
		{4E7DBB99-9906-44FA-A927-C51F5C6474D6}.Debug|Any CPU.ActiveCfg = Debug|iPhone
		{4E7DBB99-9906-44FA-A927-C51F5C6474D6}.Debug|ARM.ActiveCfg = Debug|iPhone
		{4E7DBB99-9906-44FA-A927-C51F5C6474D6}.Debug|iPhone.ActiveCfg = Debug|iPhone
		{4E7DBB99-9906-44FA-A927-C51F5C6474D6}.Debug|iPhone.Build.0 = Debug|iPhone
		{4E7DBB99-9906-44FA-A927-C51F5C6474D6}.Debug|iPhoneSimulator.ActiveCfg = Debug|iPhoneSimulator
		{4E7DBB99-9906-44FA-A927-C51F5C6474D6}.Debug|iPhoneSimulator.Build.0 = Debug|iPhoneSimulator
		{4E7DBB99-9906-44FA-A927-C51F5C6474D6}.Debug|x64.ActiveCfg = Debug|iPhone
		{4E7DBB99-9906-44FA-A927-C51F5C6474D6}.Debug|x86.ActiveCfg = Debug|iPhone
		{4E7DBB99-9906-44FA-A927-C51F5C6474D6}.Release|Any CPU.ActiveCfg = Release|iPhone
		{4E7DBB99-9906-44FA-A927-C51F5C6474D6}.Release|ARM.ActiveCfg = Release|iPhone
		{4E7DBB99-9906-44FA-A927-C51F5C6474D6}.Release|iPhone.ActiveCfg = Release|iPhone
		{4E7DBB99-9906-44FA-A927-C51F5C6474D6}.Release|iPhone.Build.0 = Release|iPhone
		{4E7DBB99-9906-44FA-A927-C51F5C6474D6}.Release|iPhoneSimulator.ActiveCfg = Release|iPhoneSimulator
		{4E7DBB99-9906-44FA-A927-C51F5C6474D6}.Release|iPhoneSimulator.Build.0 = Release|iPhoneSimulator
		{4E7DBB99-9906-44FA-A927-C51F5C6474D6}.Release|x64.ActiveCfg = Release|iPhone
		{4E7DBB99-9906-44FA-A927-C51F5C6474D6}.Release|x86.ActiveCfg = Release|iPhone
	EndGlobalSection
	GlobalSection(SolutionProperties) = preSolution
		HideSolutionNode = FALSE
	EndGlobalSection
EndGlobal
